// !$*UTF8*$!
{
	archiveVersion = 1;
	classes = {
	};
	objectVersion = 54;
	objects = {

/* Begin PBXBuildFile section */
		04CD712F1FC9BA5A50CCCC34 /* FileSearch.swift in Sources */ = {isa = PBXBuildFile; fileRef = EF876259CB7C33684DFF50C3 /* FileSearch.swift */; };
		0E558138D5061709340A498F /* ShortcutsManager.swift in Sources */ = {isa = PBXBuildFile; fileRef = FB283021CD589BF70B3E9AFF /* ShortcutsManager.swift */; };
		0EE29072AF089EE154E2DC31 /* BatchOperationsService.swift in Sources */ = {isa = PBXBuildFile; fileRef = D0CA742270697FE2600EF1E7 /* BatchOperationsService.swift */; };
		1C268DB5237F86370CB20D24 /* GoogleDriveService.swift in Sources */ = {isa = PBXBuildFile; fileRef = AED97D87D5BF6281AF72F466 /* GoogleDriveService.swift */; };
		1D3E03BCC64A52A469FF1729 /* SQLite in Frameworks */ = {isa = PBXBuildFile; productRef = 3F4079735B3FBA9410AD3AA6 /* SQLite */; };
		3E0E8F68C722A0E0ECD2FBA1 /* FileListView.swift in Sources */ = {isa = PBXBuildFile; fileRef = 11947DFDFFC7C4250E7E94E8 /* FileListView.swift */; };
		5788B71E4454498F08D8F107 /* KeychainAccess in Frameworks */ = {isa = PBXBuildFile; productRef = 41474ABB3397AF3F8E0CB5DF /* KeychainAccess */; };
		73A300B5094556C8D1124B48 /* Theme.swift in Sources */ = {isa = PBXBuildFile; fileRef = 217BB5D7B7AB09C29E956C82 /* Theme.swift */; };
		750AF9FDE10F2C6136EB9FDE /* SettingsStore.swift in Sources */ = {isa = PBXBuildFile; fileRef = CF8390FC5B5A0E3998F208A8 /* SettingsStore.swift */; };
		856BA56F6BA44A6FCBA25D3C /* StatusPopoverView.swift in Sources */ = {isa = PBXBuildFile; fileRef = C7B8C937F10797715C1B3861 /* StatusPopoverView.swift */; };
		8A24FC3E7C3C58C161EE27C6 /* AppDelegate.swift in Sources */ = {isa = PBXBuildFile; fileRef = 8599DCB59873073B1B6CDAE5 /* AppDelegate.swift */; };
		9F35703242E960EBCC994B35 /* iCloudSyncManager.swift in Sources */ = {isa = PBXBuildFile; fileRef = 26D826B699F7297E49E25F3F /* iCloudSyncManager.swift */; };
		CCF593FF4CA913044B4AC06A /* main.swift in Sources */ = {isa = PBXBuildFile; fileRef = AD46897E92A3938AC3871E1F /* main.swift */; };
		AABB00112233445566778899 /* CloudIntelligenceEngine.swift in Sources */ = {isa = PBXBuildFile; fileRef = AABB00112233445566778800 /* CloudIntelligenceEngine.swift */; };
/* End PBXBuildFile section */

/* Begin PBXFileReference section */
		11947DFDFFC7C4250E7E94E8 /* FileListView.swift */ = {isa = PBXFileReference; lastKnownFileType = sourcecode.swift; path = FileListView.swift; sourceTree = "<group>"; };
		135FBACBE64A0070714BC027 /* Info.plist */ = {isa = PBXFileReference; lastKnownFileType = text.plist; path = Info.plist; sourceTree = "<group>"; };
		217BB5D7B7AB09C29E956C82 /* Theme.swift */ = {isa = PBXFileReference; lastKnownFileType = sourcecode.swift; path = Theme.swift; sourceTree = "<group>"; };
		26D826B699F7297E49E25F3F /* iCloudSyncManager.swift */ = {isa = PBXFileReference; lastKnownFileType = sourcecode.swift; path = iCloudSyncManager.swift; sourceTree = "<group>"; };
		3C2FF336F7323A4835E2D6B0 /* Nimbus.entitlements */ = {isa = PBXFileReference; lastKnownFileType = text.plist.entitlements; path = Nimbus.entitlements; sourceTree = "<group>"; };
		8599DCB59873073B1B6CDAE5 /* AppDelegate.swift */ = {isa = PBXFileReference; lastKnownFileType = sourcecode.swift; path = AppDelegate.swift; sourceTree = "<group>"; };
		AD46897E92A3938AC3871E1F /* main.swift */ = {isa = PBXFileReference; lastKnownFileType = sourcecode.swift; path = main.swift; sourceTree = "<group>"; };
		AED97D87D5BF6281AF72F466 /* GoogleDriveService.swift */ = {isa = PBXFileReference; lastKnownFileType = sourcecode.swift; path = GoogleDriveService.swift; sourceTree = "<group>"; };
		C7B8C937F10797715C1B3861 /* StatusPopoverView.swift */ = {isa = PBXFileReference; lastKnownFileType = sourcecode.swift; path = StatusPopoverView.swift; sourceTree = "<group>"; };
		CF8390FC5B5A0E3998F208A8 /* SettingsStore.swift */ = {isa = PBXFileReference; lastKnownFileType = sourcecode.swift; path = SettingsStore.swift; sourceTree = "<group>"; };
		D0CA742270697FE2600EF1E7 /* BatchOperationsService.swift */ = {isa = PBXFileReference; lastKnownFileType = sourcecode.swift; path = BatchOperationsService.swift; sourceTree = "<group>"; };
		D2765A4CFF808628E32AA17B /* Nimbus.app */ = {isa = PBXFileReference; explicitFileType = wrapper.application; includeInIndex = 0; path = Nimbus.app; sourceTree = BUILT_PRODUCTS_DIR; };
		EF876259CB7C33684DFF50C3 /* FileSearch.swift */ = {isa = PBXFileReference; lastKnownFileType = sourcecode.swift; path = FileSearch.swift; sourceTree = "<group>"; };
		FB283021CD589BF70B3E9AFF /* ShortcutsManager.swift */ = {isa = PBXFileReference; lastKnownFileType = sourcecode.swift; path = ShortcutsManager.swift; sourceTree = "<group>"; };
		AABB00112233445566778800 /* CloudIntelligenceEngine.swift */ = {isa = PBXFileReference; lastKnownFileType = sourcecode.swift; path = CloudIntelligenceEngine.swift; sourceTree = "<group>"; };
/* End PBXFileReference section */

/* Begin PBXFrameworksBuildPhase section */
		9C29D553CA5F0AC84E9E2A15 /* Frameworks */ = {
			isa = PBXFrameworksBuildPhase;
			buildActionMask = 2147483647;
			files = (
				1D3E03BCC64A52A469FF1729 /* SQLite in Frameworks */,
				5788B71E4454498F08D8F107 /* KeychainAccess in Frameworks */,
			);
			runOnlyForDeploymentPostprocessing = 0;
		};
/* End PBXFrameworksBuildPhase section */

/* Begin PBXGroup section */
		4A1CE444F092636AE23A9A51 /* Sources */ = {
			isa = PBXGroup;
			children = (
				8599DCB59873073B1B6CDAE5 /* AppDelegate.swift */,
				11947DFDFFC7C4250E7E94E8 /* FileListView.swift */,
				EF876259CB7C33684DFF50C3 /* FileSearch.swift */,
				AED97D87D5BF6281AF72F466 /* GoogleDriveService.swift */,
				135FBACBE64A0070714BC027 /* Info.plist */,
				AD46897E92A3938AC3871E1F /* main.swift */,
				3C2FF336F7323A4835E2D6B0 /* Nimbus.entitlements */,
				CF8390FC5B5A0E3998F208A8 /* SettingsStore.swift */,
				C7B8C937F10797715C1B3861 /* StatusPopoverView.swift */,
				217BB5D7B7AB09C29E956C82 /* Theme.swift */,
				AABB00112233445566778800 /* CloudIntelligenceEngine.swift */,
				4BB0B58F737813EDE8051A2B /* Services */,
			);
			path = Sources;
			sourceTree = "<group>";
		};
		4BB0B58F737813EDE8051A2B /* Services */ = {
			isa = PBXGroup;
			children = (
				D0CA742270697FE2600EF1E7 /* BatchOperationsService.swift */,
				26D826B699F7297E49E25F3F /* iCloudSyncManager.swift */,
				FB283021CD589BF70B3E9AFF /* ShortcutsManager.swift */,
			);
			path = Services;
			sourceTree = "<group>";
		};
		617866E59968FDC96CC1252C = {
			isa = PBXGroup;
			children = (
				4A1CE444F092636AE23A9A51 /* Sources */,
				9DE01C3D2CB286C245E4BC98 /* Products */,
			);
			sourceTree = "<group>";
		};
		9DE01C3D2CB286C245E4BC98 /* Products */ = {
			isa = PBXGroup;
			children = (
				D2765A4CFF808628E32AA17B /* Nimbus.app */,
			);
			name = Products;
			sourceTree = "<group>";
		};
/* End PBXGroup section */

/* Begin PBXNativeTarget section */
		044B6629A6E71639423D11EE /* Nimbus */ = {
			isa = PBXNativeTarget;
			buildConfigurationList = 164050DC562408782FC3BA6F /* Build configuration list for PBXNativeTarget "Nimbus" */;
			buildPhases = (
				311F88A6D56E5E5C82F45D87 /* Sources */,
				9C29D553CA5F0AC84E9E2A15 /* Frameworks */,
			);
			buildRules = (
			);
			dependencies = (
			);
			name = Nimbus;
			packageProductDependencies = (
				3F4079735B3FBA9410AD3AA6 /* SQLite */,
				41474ABB3397AF3F8E0CB5DF /* KeychainAccess */,
			);
			productName = Nimbus;
			productReference = D2765A4CFF808628E32AA17B /* Nimbus.app */;
			productType = "com.apple.product-type.application";
		};
/* End PBXNativeTarget section */

/* Begin PBXProject section */
		8C576984C911ED78965BA1A9 /* Project object */ = {
			isa = PBXProject;
			attributes = {
				BuildIndependentTargetsInParallel = YES;
				LastUpgradeCheck = 1500;
				TargetAttributes = {
					044B6629A6E71639423D11EE = {
						DevelopmentTeam = "";
						ProvisioningStyle = Manual;
					};
				};
			};
			buildConfigurationList = 9CD1F60DDD18D1645C9496C3 /* Build configuration list for PBXProject "Nimbus" */;
			compatibilityVersion = "Xcode 14.0";
			developmentRegion = en;
			hasScannedForEncodings = 0;
			knownRegions = (
				Base,
				en,
			);
			mainGroup = 617866E59968FDC96CC1252C;
			packageReferences = (
				2A0C3FD33A1AA6700994C84F /* XCRemoteSwiftPackageReference "KeychainAccess" */,
				68CB6C68BB2BD702FD0F29D6 /* XCRemoteSwiftPackageReference "SQLite.swift" */,
			);
			projectDirPath = "";
			projectRoot = "";
			targets = (
				044B6629A6E71639423D11EE /* Nimbus */,
			);
		};
/* End PBXProject section */

/* Begin PBXSourcesBuildPhase section */
		311F88A6D56E5E5C82F45D87 /* Sources */ = {
			isa = PBXSourcesBuildPhase;
			buildActionMask = 2147483647;
			files = (
				8A24FC3E7C3C58C161EE27C6 /* AppDelegate.swift in Sources */,
				0EE29072AF089EE154E2DC31 /* BatchOperationsService.swift in Sources */,
				3E0E8F68C722A0E0ECD2FBA1 /* FileListView.swift in Sources */,
				04CD712F1FC9BA5A50CCCC34 /* FileSearch.swift in Sources */,
				1C268DB5237F86370CB20D24 /* GoogleDriveService.swift in Sources */,
				750AF9FDE10F2C6136EB9FDE /* SettingsStore.swift in Sources */,
				0E558138D5061709340A498F /* ShortcutsManager.swift in Sources */,
				856BA56F6BA44A6FCBA25D3C /* StatusPopoverView.swift in Sources */,
				73A300B5094556C8D1124B48 /* Theme.swift in Sources */,
				9F35703242E960EBCC994B35 /* iCloudSyncManager.swift in Sources */,
				CCF593FF4CA913044B4AC06A /* main.swift in Sources */,
				AABB00112233445566778899 /* CloudIntelligenceEngine.swift in Sources */,
			);
			runOnlyForDeploymentPostprocessing = 0;
		};
/* End PBXSourcesBuildPhase section */

/* Begin XCBuildConfiguration section */
		0EC699E21500A58155A136FC /* Debug */ = {
			isa = XCBuildConfiguration;
			buildSettings = {
				ASSETCATALOG_COMPILER_APPICON_NAME = AppIcon;
				CODE_SIGN_ENTITLEMENTS = Sources/Nimbus.entitlements;
				COMBINE_HIDPI_IMAGES = YES;
				DEVELOPMENT_TEAM = "";
				INFOPLIST_FILE = Sources/Info.plist;
				LD_RUNPATH_SEARCH_PATHS = "@executable_path/../Frameworks";
				PRODUCT_BUNDLE_IDENTIFIER = com.nimbus.macos;
				SDKROOT = macosx;
			};
			name = Debug;
		};
		1049E647FBEE0F45537FA9DA /* Debug */ = {
			isa = XCBuildConfiguration;
			buildSettings = {
				ALWAYS_SEARCH_USER_PATHS = NO;
				CLANG_ANALYZER_NONNULL = YES;
				CLANG_ANALYZER_NUMBER_OBJECT_CONVERSION = YES_AGGRESSIVE;
				CLANG_CXX_LANGUAGE_STANDARD = "gnu++14";
				CLANG_CXX_LIBRARY = "libc++";
				CLANG_ENABLE_MODULES = YES;
				CLANG_ENABLE_OBJC_ARC = YES;
				CLANG_ENABLE_OBJC_WEAK = YES;
				CLANG_WARN_BLOCK_CAPTURE_AUTORELEASING = YES;
				CLANG_WARN_BOOL_CONVERSION = YES;
				CLANG_WARN_COMMA = YES;
				CLANG_WARN_CONSTANT_CONVERSION = YES;
				CLANG_WARN_DEPRECATED_OBJC_IMPLEMENTATIONS = YES;
				CLANG_WARN_DIRECT_OBJC_ISA_USAGE = YES_ERROR;
				CLANG_WARN_DOCUMENTATION_COMMENTS = YES;
				CLANG_WARN_EMPTY_BODY = YES;
				CLANG_WARN_ENUM_CONVERSION = YES;
				CLANG_WARN_INFINITE_RECURSION = YES;
				CLANG_WARN_INT_CONVERSION = YES;
				CLANG_WARN_NON_LITERAL_NULL_CONVERSION = YES;
				CLANG_WARN_OBJC_IMPLICIT_RETAIN_SELF = YES;
				CLANG_WARN_OBJC_LITERAL_CONVERSION = YES;
				CLANG_WARN_OBJC_ROOT_CLASS = YES_ERROR;
				CLANG_WARN_QUOTED_INCLUDE_IN_FRAMEWORK_HEADER = YES;
				CLANG_WARN_RANGE_LOOP_ANALYSIS = YES;
				CLANG_WARN_STRICT_PROTOTYPES = YES;
				CLANG_WARN_SUSPICIOUS_MOVE = YES;
				CLANG_WARN_UNGUARDED_AVAILABILITY = YES_AGGRESSIVE;
				CLANG_WARN_UNREACHABLE_CODE = YES;
				CLANG_WARN__DUPLICATE_METHOD_MATCH = YES;
				CODE_SIGNING_ALLOWED = NO;
				CODE_SIGNING_REQUIRED = NO;
				CODE_SIGN_IDENTITY = "-";
				CODE_SIGN_STYLE = Manual;
				COPY_PHASE_STRIP = NO;
				DEBUG_INFORMATION_FORMAT = dwarf;
				ENABLE_HARDENED_RUNTIME = YES;
				ENABLE_STRICT_OBJC_MSGSEND = YES;
				ENABLE_TESTABILITY = YES;
				GCC_C_LANGUAGE_STANDARD = gnu11;
				GCC_DYNAMIC_NO_PIC = NO;
				GCC_NO_COMMON_BLOCKS = YES;
				GCC_OPTIMIZATION_LEVEL = 0;
				GCC_PREPROCESSOR_DEFINITIONS = (
					"$(inherited)",
					"DEBUG=1",
				);
				GCC_WARN_64_TO_32_BIT_CONVERSION = YES;
				GCC_WARN_ABOUT_RETURN_TYPE = YES_ERROR;
				GCC_WARN_UNDECLARED_SELECTOR = YES;
				GCC_WARN_UNINITIALIZED_AUTOS = YES_AGGRESSIVE;
				GCC_WARN_UNUSED_FUNCTION = YES;
				GCC_WARN_UNUSED_VARIABLE = YES;
				MACOSX_DEPLOYMENT_TARGET = 13.0;
				MTL_ENABLE_DEBUG_INFO = INCLUDE_SOURCE;
				MTL_FAST_MATH = YES;
				ONLY_ACTIVE_ARCH = YES;
				PRODUCT_NAME = "$(TARGET_NAME)";
				SDKROOT = macosx;
				SWIFT_ACTIVE_COMPILATION_CONDITIONS = DEBUG;
				SWIFT_OPTIMIZATION_LEVEL = "-Onone";
				SWIFT_VERSION = 5.9;
			};
			name = Debug;
		};
		45680CA25972AEF3251F2712 /* Release */ = {
			isa = XCBuildConfiguration;
			buildSettings = {
				ASSETCATALOG_COMPILER_APPICON_NAME = AppIcon;
				CODE_SIGN_ENTITLEMENTS = Sources/Nimbus.entitlements;
				COMBINE_HIDPI_IMAGES = YES;
				DEVELOPMENT_TEAM = "";
				INFOPLIST_FILE = Sources/Info.plist;
				LD_RUNPATH_SEARCH_PATHS = "@executable_path/../Frameworks";
				PRODUCT_BUNDLE_IDENTIFIER = com.nimbus.macos;
				SDKROOT = macosx;
			};
			name = Release;
		};
		C939F5AED2CE46725AEFEA4F /* Release */ = {
			isa = XCBuildConfiguration;
			buildSettings = {
				ALWAYS_SEARCH_USER_PATHS = NO;
				CLANG_ANALYZER_NONNULL = YES;
				CLANG_ANALYZER_NUMBER_OBJECT_CONVERSION = YES_AGGRESSIVE;
				CLANG_CXX_LANGUAGE_STANDARD = "gnu++14";
				CLANG_CXX_LIBRARY = "libc++";
				CLANG_ENABLE_MODULES = YES;
				CLANG_ENABLE_OBJC_ARC = YES;
				CLANG_ENABLE_OBJC_WEAK = YES;
				CLANG_WARN_BLOCK_CAPTURE_AUTORELEASING = YES;
				CLANG_WARN_BOOL_CONVERSION = YES;
				CLANG_WARN_COMMA = YES;
				CLANG_WARN_CONSTANT_CONVERSION = YES;
				CLANG_WARN_DEPRECATED_OBJC_IMPLEMENTATIONS = YES;
				CLANG_WARN_DIRECT_OBJC_ISA_USAGE = YES_ERROR;
				CLANG_WARN_DOCUMENTATION_COMMENTS = YES;
				CLANG_WARN_EMPTY_BODY = YES;
				CLANG_WARN_ENUM_CONVERSION = YES;
				CLANG_WARN_INFINITE_RECURSION = YES;
				CLANG_WARN_INT_CONVERSION = YES;
				CLANG_WARN_NON_LITERAL_NULL_CONVERSION = YES;
				CLANG_WARN_OBJC_IMPLICIT_RETAIN_SELF = YES;
				CLANG_WARN_OBJC_LITERAL_CONVERSION = YES;
				CLANG_WARN_OBJC_ROOT_CLASS = YES_ERROR;
				CLANG_WARN_QUOTED_INCLUDE_IN_FRAMEWORK_HEADER = YES;
				CLANG_WARN_RANGE_LOOP_ANALYSIS = YES;
				CLANG_WARN_STRICT_PROTOTYPES = YES;
				CLANG_WARN_SUSPICIOUS_MOVE = YES;
				CLANG_WARN_UNGUARDED_AVAILABILITY = YES_AGGRESSIVE;
				CLANG_WARN_UNREACHABLE_CODE = YES;
				CLANG_WARN__DUPLICATE_METHOD_MATCH = YES;
				CODE_SIGNING_ALLOWED = NO;
				CODE_SIGNING_REQUIRED = NO;
				CODE_SIGN_IDENTITY = "-";
				CODE_SIGN_STYLE = Manual;
				COPY_PHASE_STRIP = NO;
				DEBUG_INFORMATION_FORMAT = "dwarf-with-dsym";
				ENABLE_HARDENED_RUNTIME = YES;
				ENABLE_NS_ASSERTIONS = NO;
				ENABLE_STRICT_OBJC_MSGSEND = YES;
				GCC_C_LANGUAGE_STANDARD = gnu11;
				GCC_NO_COMMON_BLOCKS = YES;
				GCC_WARN_64_TO_32_BIT_CONVERSION = YES;
				GCC_WARN_ABOUT_RETURN_TYPE = YES_ERROR;
				GCC_WARN_UNDECLARED_SELECTOR = YES;
				GCC_WARN_UNINITIALIZED_AUTOS = YES_AGGRESSIVE;
				GCC_WARN_UNUSED_FUNCTION = YES;
				GCC_WARN_UNUSED_VARIABLE = YES;
				MACOSX_DEPLOYMENT_TARGET = 13.0;
				MTL_ENABLE_DEBUG_INFO = NO;
				MTL_FAST_MATH = YES;
				PRODUCT_NAME = "$(TARGET_NAME)";
				SDKROOT = macosx;
				SWIFT_COMPILATION_MODE = wholemodule;
				SWIFT_OPTIMIZATION_LEVEL = "-O";
				SWIFT_VERSION = 5.9;
			};
			name = Release;
		};
/* End XCBuildConfiguration section */

/* Begin XCConfigurationList section */
		164050DC562408782FC3BA6F /* Build configuration list for PBXNativeTarget "Nimbus" */ = {
			isa = XCConfigurationList;
			buildConfigurations = (
				0EC699E21500A58155A136FC /* Debug */,
				45680CA25972AEF3251F2712 /* Release */,
			);
			defaultConfigurationIsVisible = 0;
			defaultConfigurationName = Debug;
		};
		9CD1F60DDD18D1645C9496C3 /* Build configuration list for PBXProject "Nimbus" */ = {
			isa = XCConfigurationList;
			buildConfigurations = (
				1049E647FBEE0F45537FA9DA /* Debug */,
				C939F5AED2CE46725AEFEA4F /* Release */,
			);
			defaultConfigurationIsVisible = 0;
			defaultConfigurationName = Debug;
		};
/* End XCConfigurationList section */

/* Begin XCRemoteSwiftPackageReference section */
		2A0C3FD33A1AA6700994C84F /* XCRemoteSwiftPackageReference "KeychainAccess" */ = {
			isa = XCRemoteSwiftPackageReference;
			repositoryURL = "https://github.com/kishikawakatsumi/KeychainAccess";
			requirement = {
				kind = upToNextMajorVersion;
				minimumVersion = 4.2.2;
			};
		};
		68CB6C68BB2BD702FD0F29D6 /* XCRemoteSwiftPackageReference "SQLite.swift" */ = {
			isa = XCRemoteSwiftPackageReference;
			repositoryURL = "https://github.com/stephencelis/SQLite.swift";
			requirement = {
				kind = upToNextMajorVersion;
				minimumVersion = 0.14.1;
			};
		};
/* End XCRemoteSwiftPackageReference section */

/* Begin XCSwiftPackageProductDependency section */
		3F4079735B3FBA9410AD3AA6 /* SQLite */ = {
			isa = XCSwiftPackageProductDependency;
			package = 68CB6C68BB2BD702FD0F29D6 /* XCRemoteSwiftPackageReference "SQLite.swift" */;
			productName = SQLite;
		};
		41474ABB3397AF3F8E0CB5DF /* KeychainAccess */ = {
			isa = XCSwiftPackageProductDependency;
			package = 2A0C3FD33A1AA6700994C84F /* XCRemoteSwiftPackageReference "KeychainAccess" */;
			productName = KeychainAccess;
		};
/* End XCSwiftPackageProductDependency section */
	};
	rootObject = 8C576984C911ED78965BA1A9 /* Project object */;
}
